// !$*UTF8*$!
{
	archiveVersion = 1;
	classes = {
	};
	objectVersion = 46;
	objects = {

/* Begin PBXBuildFile section */
		186159C11D953B3F001E64E3 /* AppDelegate.swift in Sources */ = {isa = PBXBuildFile; fileRef = 186159C01D953B3F001E64E3 /* AppDelegate.swift */; };
		186159C61D953B3F001E64E3 /* Main.storyboard in Resources */ = {isa = PBXBuildFile; fileRef = 186159C41D953B3F001E64E3 /* Main.storyboard */; };
		186159C81D953B3F001E64E3 /* Assets.xcassets in Resources */ = {isa = PBXBuildFile; fileRef = 186159C71D953B3F001E64E3 /* Assets.xcassets */; };
		186159CB1D953B3F001E64E3 /* LaunchScreen.storyboard in Resources */ = {isa = PBXBuildFile; fileRef = 186159C91D953B3F001E64E3 /* LaunchScreen.storyboard */; };
		943A0FC1CC850393C2BEBB42 /* Pods_PDF_Reader.framework in Frameworks */ = {isa = PBXBuildFile; fileRef = A58811EC9D8BB390DA8AC165 /* Pods_PDF_Reader.framework */; };
		A602CC2B20FB63ED00898C0E /* Liste_des_chaines.pdf in Resources */ = {isa = PBXBuildFile; fileRef = A602CC2A20FB63ED00898C0E /* Liste_des_chaines.pdf */; };
		F271B95521012DF6001F6E98 /* FirstViewController.swift in Sources */ = {isa = PBXBuildFile; fileRef = F271B95421012DF6001F6E98 /* FirstViewController.swift */; };
		F271B95B21013194001F6E98 /* PDFListViewController.swift in Sources */ = {isa = PBXBuildFile; fileRef = F271B95721013193001F6E98 /* PDFListViewController.swift */; };
		F271B95C21013194001F6E98 /* PDFPageViewController.swift in Sources */ = {isa = PBXBuildFile; fileRef = F271B95821013194001F6E98 /* PDFPageViewController.swift */; };
		F271B95D21013194001F6E98 /* PDFViewController.swift in Sources */ = {isa = PBXBuildFile; fileRef = F271B95921013194001F6E98 /* PDFViewController.swift */; };
		F271B95F21013339001F6E98 /* InputNameViewController.swift in Sources */ = {isa = PBXBuildFile; fileRef = F271B95E21013339001F6E98 /* InputNameViewController.swift */; };
		F271B962210137D1001F6E98 /* UIButton+Extensions.swift in Sources */ = {isa = PBXBuildFile; fileRef = F271B961210137D1001F6E98 /* UIButton+Extensions.swift */; };
		F271B96421013BFC001F6E98 /* Src2ViewController.swift in Sources */ = {isa = PBXBuildFile; fileRef = F271B96321013BFC001F6E98 /* Src2ViewController.swift */; };
		F271B96621013F02001F6E98 /* Notificator.swift in Sources */ = {isa = PBXBuildFile; fileRef = F271B96521013F02001F6E98 /* Notificator.swift */; };
		F271B96821013FBA001F6E98 /* InputPhoneViewController.swift in Sources */ = {isa = PBXBuildFile; fileRef = F271B96721013FBA001F6E98 /* InputPhoneViewController.swift */; };
		F271B96A210149DF001F6E98 /* SelectServerViewController.swift in Sources */ = {isa = PBXBuildFile; fileRef = F271B969210149DF001F6E98 /* SelectServerViewController.swift */; };
		F271B96C21014BD4001F6E98 /* ServerTBCell.swift in Sources */ = {isa = PBXBuildFile; fileRef = F271B96B21014BD4001F6E98 /* ServerTBCell.swift */; };
		F271B96E21016AF9001F6E98 /* ConnectServerViewController.swift in Sources */ = {isa = PBXBuildFile; fileRef = F271B96D21016AF9001F6E98 /* ConnectServerViewController.swift */; };
		F271B972210176EB001F6E98 /* AppRateViewController.swift in Sources */ = {isa = PBXBuildFile; fileRef = F271B971210176EB001F6E98 /* AppRateViewController.swift */; };
		F271B97621017A72001F6E98 /* pdf-logo@3x.png in Resources */ = {isa = PBXBuildFile; fileRef = F271B97421017A72001F6E98 /* pdf-logo@3x.png */; };
		F271B97721017A72001F6E98 /* tv-series1.jpg in Resources */ = {isa = PBXBuildFile; fileRef = F271B97521017A72001F6E98 /* tv-series1.jpg */; };
/* End PBXBuildFile section */

/* Begin PBXFileReference section */
		186159BD1D953B3F001E64E3 /* PDF Reader.app */ = {isa = PBXFileReference; explicitFileType = wrapper.application; includeInIndex = 0; path = "PDF Reader.app"; sourceTree = BUILT_PRODUCTS_DIR; };
		186159C01D953B3F001E64E3 /* AppDelegate.swift */ = {isa = PBXFileReference; lastKnownFileType = sourcecode.swift; path = AppDelegate.swift; sourceTree = "<group>"; };
		186159C51D953B3F001E64E3 /* Base */ = {isa = PBXFileReference; lastKnownFileType = file.storyboard; name = Base; path = Base.lproj/Main.storyboard; sourceTree = "<group>"; };
		186159C71D953B3F001E64E3 /* Assets.xcassets */ = {isa = PBXFileReference; lastKnownFileType = folder.assetcatalog; path = Assets.xcassets; sourceTree = "<group>"; };
		186159CA1D953B3F001E64E3 /* Base */ = {isa = PBXFileReference; lastKnownFileType = file.storyboard; name = Base; path = Base.lproj/LaunchScreen.storyboard; sourceTree = "<group>"; };
		186159CC1D953B3F001E64E3 /* Info.plist */ = {isa = PBXFileReference; lastKnownFileType = text.plist.xml; path = Info.plist; sourceTree = "<group>"; };
		89E0887C6A817D735B68A3F0 /* Pods-PDF Reader.debug.xcconfig */ = {isa = PBXFileReference; includeInIndex = 1; lastKnownFileType = text.xcconfig; name = "Pods-PDF Reader.debug.xcconfig"; path = "Pods/Target Support Files/Pods-PDF Reader/Pods-PDF Reader.debug.xcconfig"; sourceTree = "<group>"; };
		A00B17E7225BED67FA17ABCD /* Pods-PDF Reader.release.xcconfig */ = {isa = PBXFileReference; includeInIndex = 1; lastKnownFileType = text.xcconfig; name = "Pods-PDF Reader.release.xcconfig"; path = "Pods/Target Support Files/Pods-PDF Reader/Pods-PDF Reader.release.xcconfig"; sourceTree = "<group>"; };
		A58811EC9D8BB390DA8AC165 /* Pods_PDF_Reader.framework */ = {isa = PBXFileReference; explicitFileType = wrapper.framework; includeInIndex = 0; path = Pods_PDF_Reader.framework; sourceTree = BUILT_PRODUCTS_DIR; };
		A602CC2A20FB63ED00898C0E /* Liste_des_chaines.pdf */ = {isa = PBXFileReference; lastKnownFileType = image.pdf; path = Liste_des_chaines.pdf; sourceTree = "<group>"; };
		F271B95421012DF6001F6E98 /* FirstViewController.swift */ = {isa = PBXFileReference; lastKnownFileType = sourcecode.swift; path = FirstViewController.swift; sourceTree = "<group>"; };
		F271B95721013193001F6E98 /* PDFListViewController.swift */ = {isa = PBXFileReference; fileEncoding = 4; lastKnownFileType = sourcecode.swift; path = PDFListViewController.swift; sourceTree = "<group>"; };
		F271B95821013194001F6E98 /* PDFPageViewController.swift */ = {isa = PBXFileReference; fileEncoding = 4; lastKnownFileType = sourcecode.swift; path = PDFPageViewController.swift; sourceTree = "<group>"; };
		F271B95921013194001F6E98 /* PDFViewController.swift */ = {isa = PBXFileReference; fileEncoding = 4; lastKnownFileType = sourcecode.swift; path = PDFViewController.swift; sourceTree = "<group>"; };
		F271B95E21013339001F6E98 /* InputNameViewController.swift */ = {isa = PBXFileReference; lastKnownFileType = sourcecode.swift; path = InputNameViewController.swift; sourceTree = "<group>"; };
		F271B961210137D1001F6E98 /* UIButton+Extensions.swift */ = {isa = PBXFileReference; fileEncoding = 4; lastKnownFileType = sourcecode.swift; path = "UIButton+Extensions.swift"; sourceTree = "<group>"; };
		F271B96321013BFC001F6E98 /* Src2ViewController.swift */ = {isa = PBXFileReference; lastKnownFileType = sourcecode.swift; path = Src2ViewController.swift; sourceTree = "<group>"; };
		F271B96521013F02001F6E98 /* Notificator.swift */ = {isa = PBXFileReference; fileEncoding = 4; lastKnownFileType = sourcecode.swift; path = Notificator.swift; sourceTree = "<group>"; };
		F271B96721013FBA001F6E98 /* InputPhoneViewController.swift */ = {isa = PBXFileReference; lastKnownFileType = sourcecode.swift; path = InputPhoneViewController.swift; sourceTree = "<group>"; };
		F271B969210149DF001F6E98 /* SelectServerViewController.swift */ = {isa = PBXFileReference; lastKnownFileType = sourcecode.swift; path = SelectServerViewController.swift; sourceTree = "<group>"; };
		F271B96B21014BD4001F6E98 /* ServerTBCell.swift */ = {isa = PBXFileReference; lastKnownFileType = sourcecode.swift; path = ServerTBCell.swift; sourceTree = "<group>"; };
		F271B96D21016AF9001F6E98 /* ConnectServerViewController.swift */ = {isa = PBXFileReference; lastKnownFileType = sourcecode.swift; path = ConnectServerViewController.swift; sourceTree = "<group>"; };
		F271B971210176EB001F6E98 /* AppRateViewController.swift */ = {isa = PBXFileReference; lastKnownFileType = sourcecode.swift; path = AppRateViewController.swift; sourceTree = "<group>"; };
		F271B97421017A72001F6E98 /* pdf-logo@3x.png */ = {isa = PBXFileReference; lastKnownFileType = image.png; path = "pdf-logo@3x.png"; sourceTree = "<group>"; };
		F271B97521017A72001F6E98 /* tv-series1.jpg */ = {isa = PBXFileReference; lastKnownFileType = image.jpeg; path = "tv-series1.jpg"; sourceTree = "<group>"; };
/* End PBXFileReference section */

/* Begin PBXFrameworksBuildPhase section */
		186159BA1D953B3F001E64E3 /* Frameworks */ = {
			isa = PBXFrameworksBuildPhase;
			buildActionMask = 2147483647;
			files = (
				943A0FC1CC850393C2BEBB42 /* Pods_PDF_Reader.framework in Frameworks */,
			);
			runOnlyForDeploymentPostprocessing = 0;
		};
/* End PBXFrameworksBuildPhase section */

/* Begin PBXGroup section */
		18360B941DBA2ABE00CE2105 /* PDF */ = {
			isa = PBXGroup;
			children = (
				A602CC2A20FB63ED00898C0E /* Liste_des_chaines.pdf */,
			);
			path = PDF;
			sourceTree = "<group>";
		};
		186159B41D953B3F001E64E3 = {
			isa = PBXGroup;
			children = (
				186159BF1D953B3F001E64E3 /* PDF Reader */,
				186159BE1D953B3F001E64E3 /* Products */,
				879D89D6617D4B5FBD9A39D1 /* Pods */,
				28DB509B9220AE2CC4D27802 /* Frameworks */,
			);
			sourceTree = "<group>";
		};
		186159BE1D953B3F001E64E3 /* Products */ = {
			isa = PBXGroup;
			children = (
				186159BD1D953B3F001E64E3 /* PDF Reader.app */,
			);
			name = Products;
			sourceTree = "<group>";
		};
		186159BF1D953B3F001E64E3 /* PDF Reader */ = {
			isa = PBXGroup;
			children = (
				F271B97321017A72001F6E98 /* Images */,
				F271B960210137D1001F6E98 /* Extensions */,
				18360B941DBA2ABE00CE2105 /* PDF */,
				186159C01D953B3F001E64E3 /* AppDelegate.swift */,
				186159C41D953B3F001E64E3 /* Main.storyboard */,
				186159C71D953B3F001E64E3 /* Assets.xcassets */,
				186159C91D953B3F001E64E3 /* LaunchScreen.storyboard */,
				186159CC1D953B3F001E64E3 /* Info.plist */,
				F271B95421012DF6001F6E98 /* FirstViewController.swift */,
				F271B95621013193001F6E98 /* Src1 */,
				F271B95A21013194001F6E98 /* Src2 */,
			);
			path = "PDF Reader";
			sourceTree = "<group>";
		};
		28DB509B9220AE2CC4D27802 /* Frameworks */ = {
			isa = PBXGroup;
			children = (
				A58811EC9D8BB390DA8AC165 /* Pods_PDF_Reader.framework */,
			);
			name = Frameworks;
			sourceTree = "<group>";
		};
		879D89D6617D4B5FBD9A39D1 /* Pods */ = {
			isa = PBXGroup;
			children = (
				89E0887C6A817D735B68A3F0 /* Pods-PDF Reader.debug.xcconfig */,
				A00B17E7225BED67FA17ABCD /* Pods-PDF Reader.release.xcconfig */,
			);
			name = Pods;
			sourceTree = "<group>";
		};
		F271B95621013193001F6E98 /* Src1 */ = {
			isa = PBXGroup;
			children = (
				F271B95721013193001F6E98 /* PDFListViewController.swift */,
				F271B95821013194001F6E98 /* PDFPageViewController.swift */,
				F271B95921013194001F6E98 /* PDFViewController.swift */,
			);
			path = Src1;
			sourceTree = "<group>";
		};
		F271B95A21013194001F6E98 /* Src2 */ = {
			isa = PBXGroup;
			children = (
				F271B96321013BFC001F6E98 /* Src2ViewController.swift */,
				F271B95E21013339001F6E98 /* InputNameViewController.swift */,
				F271B96721013FBA001F6E98 /* InputPhoneViewController.swift */,
				F271B969210149DF001F6E98 /* SelectServerViewController.swift */,
				F271B96B21014BD4001F6E98 /* ServerTBCell.swift */,
				F271B96D21016AF9001F6E98 /* ConnectServerViewController.swift */,
				F271B971210176EB001F6E98 /* AppRateViewController.swift */,
			);
			path = Src2;
			sourceTree = "<group>";
		};
		F271B960210137D1001F6E98 /* Extensions */ = {
			isa = PBXGroup;
			children = (
				F271B96521013F02001F6E98 /* Notificator.swift */,
				F271B961210137D1001F6E98 /* UIButton+Extensions.swift */,
			);
			path = Extensions;
			sourceTree = "<group>";
		};
		F271B97321017A72001F6E98 /* Images */ = {
			isa = PBXGroup;
			children = (
				F271B97421017A72001F6E98 /* pdf-logo@3x.png */,
				F271B97521017A72001F6E98 /* tv-series1.jpg */,
			);
			path = Images;
			sourceTree = "<group>";
		};
/* End PBXGroup section */

/* Begin PBXNativeTarget section */
		186159BC1D953B3F001E64E3 /* PDF Reader */ = {
			isa = PBXNativeTarget;
			buildConfigurationList = 186159CF1D953B3F001E64E3 /* Build configuration list for PBXNativeTarget "PDF Reader" */;
			buildPhases = (
				0CD44A577125D949BDE1D5D3 /* [CP] Check Pods Manifest.lock */,
				186159B91D953B3F001E64E3 /* Sources */,
				186159BA1D953B3F001E64E3 /* Frameworks */,
				186159BB1D953B3F001E64E3 /* Resources */,
				0B09B38D727BE4738552221F /* [CP] Embed Pods Frameworks */,
			);
			buildRules = (
			);
			dependencies = (
			);
			name = "PDF Reader";
			productName = "PDF Reader";
			productReference = 186159BD1D953B3F001E64E3 /* PDF Reader.app */;
			productType = "com.apple.product-type.application";
		};
/* End PBXNativeTarget section */

/* Begin PBXProject section */
		186159B51D953B3F001E64E3 /* Project object */ = {
			isa = PBXProject;
			attributes = {
				LastSwiftUpdateCheck = 0800;
				LastUpgradeCheck = 0800;
				ORGANIZATIONNAME = ILearniOS;
				TargetAttributes = {
					186159BC1D953B3F001E64E3 = {
						CreatedOnToolsVersion = 8.0;
						DevelopmentTeam = QFRSMX53PG;
						ProvisioningStyle = Manual;
					};
				};
			};
			buildConfigurationList = 186159B81D953B3F001E64E3 /* Build configuration list for PBXProject "PDF Reader" */;
			compatibilityVersion = "Xcode 3.2";
			developmentRegion = English;
			hasScannedForEncodings = 0;
			knownRegions = (
				en,
				Base,
			);
			mainGroup = 186159B41D953B3F001E64E3;
			productRefGroup = 186159BE1D953B3F001E64E3 /* Products */;
			projectDirPath = "";
			projectRoot = "";
			targets = (
				186159BC1D953B3F001E64E3 /* PDF Reader */,
			);
		};
/* End PBXProject section */

/* Begin PBXResourcesBuildPhase section */
		186159BB1D953B3F001E64E3 /* Resources */ = {
			isa = PBXResourcesBuildPhase;
			buildActionMask = 2147483647;
			files = (
				F271B97621017A72001F6E98 /* pdf-logo@3x.png in Resources */,
				186159CB1D953B3F001E64E3 /* LaunchScreen.storyboard in Resources */,
				186159C81D953B3F001E64E3 /* Assets.xcassets in Resources */,
				186159C61D953B3F001E64E3 /* Main.storyboard in Resources */,
				F271B97721017A72001F6E98 /* tv-series1.jpg in Resources */,
				A602CC2B20FB63ED00898C0E /* Liste_des_chaines.pdf in Resources */,
			);
			runOnlyForDeploymentPostprocessing = 0;
		};
/* End PBXResourcesBuildPhase section */

/* Begin PBXShellScriptBuildPhase section */
		0B09B38D727BE4738552221F /* [CP] Embed Pods Frameworks */ = {
			isa = PBXShellScriptBuildPhase;
			buildActionMask = 2147483647;
			files = (
			);
			inputPaths = (
				"${SRCROOT}/Pods/Target Support Files/Pods-PDF Reader/Pods-PDF Reader-frameworks.sh",
				"${BUILT_PRODUCTS_DIR}/Alamofire/Alamofire.framework",
				"${BUILT_PRODUCTS_DIR}/BRYXBanner/BRYXBanner.framework",
				"${BUILT_PRODUCTS_DIR}/SVProgressHUD/SVProgressHUD.framework",
				"${BUILT_PRODUCTS_DIR}/SwiftyJSON/SwiftyJSON.framework",
			);
			name = "[CP] Embed Pods Frameworks";
			outputPaths = (
				"${TARGET_BUILD_DIR}/${FRAMEWORKS_FOLDER_PATH}/Alamofire.framework",
				"${TARGET_BUILD_DIR}/${FRAMEWORKS_FOLDER_PATH}/BRYXBanner.framework",
				"${TARGET_BUILD_DIR}/${FRAMEWORKS_FOLDER_PATH}/SVProgressHUD.framework",
				"${TARGET_BUILD_DIR}/${FRAMEWORKS_FOLDER_PATH}/SwiftyJSON.framework",
			);
			runOnlyForDeploymentPostprocessing = 0;
			shellPath = /bin/sh;
			shellScript = "\"${SRCROOT}/Pods/Target Support Files/Pods-PDF Reader/Pods-PDF Reader-frameworks.sh\"\n";
			showEnvVarsInLog = 0;
		};
		0CD44A577125D949BDE1D5D3 /* [CP] Check Pods Manifest.lock */ = {
			isa = PBXShellScriptBuildPhase;
			buildActionMask = 2147483647;
			files = (
			);
			inputPaths = (
				"${PODS_PODFILE_DIR_PATH}/Podfile.lock",
				"${PODS_ROOT}/Manifest.lock",
			);
			name = "[CP] Check Pods Manifest.lock";
			outputPaths = (
				"$(DERIVED_FILE_DIR)/Pods-PDF Reader-checkManifestLockResult.txt",
			);
			runOnlyForDeploymentPostprocessing = 0;
			shellPath = /bin/sh;
			shellScript = "diff \"${PODS_PODFILE_DIR_PATH}/Podfile.lock\" \"${PODS_ROOT}/Manifest.lock\" > /dev/null\nif [ $? != 0 ] ; then\n    # print error to STDERR\n    echo \"error: The sandbox is not in sync with the Podfile.lock. Run 'pod install' or update your CocoaPods installation.\" >&2\n    exit 1\nfi\n# This output is used by Xcode 'outputs' to avoid re-running this script phase.\necho \"SUCCESS\" > \"${SCRIPT_OUTPUT_FILE_0}\"\n";
			showEnvVarsInLog = 0;
		};
/* End PBXShellScriptBuildPhase section */

/* Begin PBXSourcesBuildPhase section */
		186159B91D953B3F001E64E3 /* Sources */ = {
			isa = PBXSourcesBuildPhase;
			buildActionMask = 2147483647;
			files = (
				F271B96621013F02001F6E98 /* Notificator.swift in Sources */,
				F271B95D21013194001F6E98 /* PDFViewController.swift in Sources */,
				F271B96C21014BD4001F6E98 /* ServerTBCell.swift in Sources */,
				F271B962210137D1001F6E98 /* UIButton+Extensions.swift in Sources */,
				F271B95C21013194001F6E98 /* PDFPageViewController.swift in Sources */,
				F271B96E21016AF9001F6E98 /* ConnectServerViewController.swift in Sources */,
				F271B972210176EB001F6E98 /* AppRateViewController.swift in Sources */,
				F271B95521012DF6001F6E98 /* FirstViewController.swift in Sources */,
				F271B96421013BFC001F6E98 /* Src2ViewController.swift in Sources */,
				F271B96821013FBA001F6E98 /* InputPhoneViewController.swift in Sources */,
				F271B95B21013194001F6E98 /* PDFListViewController.swift in Sources */,
				186159C11D953B3F001E64E3 /* AppDelegate.swift in Sources */,
				F271B96A210149DF001F6E98 /* SelectServerViewController.swift in Sources */,
				F271B95F21013339001F6E98 /* InputNameViewController.swift in Sources */,
			);
			runOnlyForDeploymentPostprocessing = 0;
		};
/* End PBXSourcesBuildPhase section */

/* Begin PBXVariantGroup section */
		186159C41D953B3F001E64E3 /* Main.storyboard */ = {
			isa = PBXVariantGroup;
			children = (
				186159C51D953B3F001E64E3 /* Base */,
			);
			name = Main.storyboard;
			sourceTree = "<group>";
		};
		186159C91D953B3F001E64E3 /* LaunchScreen.storyboard */ = {
			isa = PBXVariantGroup;
			children = (
				186159CA1D953B3F001E64E3 /* Base */,
			);
			name = LaunchScreen.storyboard;
			sourceTree = "<group>";
		};
/* End PBXVariantGroup section */

/* Begin XCBuildConfiguration section */
		186159CD1D953B3F001E64E3 /* Debug */ = {
			isa = XCBuildConfiguration;
			buildSettings = {
				ALWAYS_SEARCH_USER_PATHS = NO;
				CLANG_ANALYZER_NONNULL = YES;
				CLANG_CXX_LANGUAGE_STANDARD = "gnu++0x";
				CLANG_CXX_LIBRARY = "libc++";
				CLANG_ENABLE_MODULES = YES;
				CLANG_ENABLE_OBJC_ARC = YES;
				CLANG_WARN_BOOL_CONVERSION = YES;
				CLANG_WARN_CONSTANT_CONVERSION = YES;
				CLANG_WARN_DIRECT_OBJC_ISA_USAGE = YES_ERROR;
				CLANG_WARN_DOCUMENTATION_COMMENTS = YES;
				CLANG_WARN_EMPTY_BODY = YES;
				CLANG_WARN_ENUM_CONVERSION = YES;
				CLANG_WARN_INFINITE_RECURSION = YES;
				CLANG_WARN_INT_CONVERSION = YES;
				CLANG_WARN_OBJC_ROOT_CLASS = YES_ERROR;
				CLANG_WARN_SUSPICIOUS_MOVES = YES;
				CLANG_WARN_UNREACHABLE_CODE = YES;
				CLANG_WARN__DUPLICATE_METHOD_MATCH = YES;
				"CODE_SIGN_IDENTITY[sdk=iphoneos*]" = "iPhone Developer";
				COPY_PHASE_STRIP = NO;
				DEBUG_INFORMATION_FORMAT = dwarf;
				ENABLE_STRICT_OBJC_MSGSEND = YES;
				ENABLE_TESTABILITY = YES;
				GCC_C_LANGUAGE_STANDARD = gnu99;
				GCC_DYNAMIC_NO_PIC = NO;
				GCC_NO_COMMON_BLOCKS = YES;
				GCC_OPTIMIZATION_LEVEL = 0;
				GCC_PREPROCESSOR_DEFINITIONS = (
					"DEBUG=1",
					"$(inherited)",
				);
				GCC_WARN_64_TO_32_BIT_CONVERSION = YES;
				GCC_WARN_ABOUT_RETURN_TYPE = YES_ERROR;
				GCC_WARN_UNDECLARED_SELECTOR = YES;
				GCC_WARN_UNINITIALIZED_AUTOS = YES_AGGRESSIVE;
				GCC_WARN_UNUSED_FUNCTION = YES;
				GCC_WARN_UNUSED_VARIABLE = YES;
				IPHONEOS_DEPLOYMENT_TARGET = 10.0;
				MTL_ENABLE_DEBUG_INFO = YES;
				ONLY_ACTIVE_ARCH = YES;
				SDKROOT = iphoneos;
				SWIFT_ACTIVE_COMPILATION_CONDITIONS = DEBUG;
				SWIFT_OPTIMIZATION_LEVEL = "-Onone";
				TARGETED_DEVICE_FAMILY = "1,2";
			};
			name = Debug;
		};
		186159CE1D953B3F001E64E3 /* Release */ = {
			isa = XCBuildConfiguration;
			buildSettings = {
				ALWAYS_SEARCH_USER_PATHS = NO;
				CLANG_ANALYZER_NONNULL = YES;
				CLANG_CXX_LANGUAGE_STANDARD = "gnu++0x";
				CLANG_CXX_LIBRARY = "libc++";
				CLANG_ENABLE_MODULES = YES;
				CLANG_ENABLE_OBJC_ARC = YES;
				CLANG_WARN_BOOL_CONVERSION = YES;
				CLANG_WARN_CONSTANT_CONVERSION = YES;
				CLANG_WARN_DIRECT_OBJC_ISA_USAGE = YES_ERROR;
				CLANG_WARN_DOCUMENTATION_COMMENTS = YES;
				CLANG_WARN_EMPTY_BODY = YES;
				CLANG_WARN_ENUM_CONVERSION = YES;
				CLANG_WARN_INFINITE_RECURSION = YES;
				CLANG_WARN_INT_CONVERSION = YES;
				CLANG_WARN_OBJC_ROOT_CLASS = YES_ERROR;
				CLANG_WARN_SUSPICIOUS_MOVES = YES;
				CLANG_WARN_UNREACHABLE_CODE = YES;
				CLANG_WARN__DUPLICATE_METHOD_MATCH = YES;
				"CODE_SIGN_IDENTITY[sdk=iphoneos*]" = "iPhone Developer";
				COPY_PHASE_STRIP = NO;
				DEBUG_INFORMATION_FORMAT = "dwarf-with-dsym";
				ENABLE_NS_ASSERTIONS = NO;
				ENABLE_STRICT_OBJC_MSGSEND = YES;
				GCC_C_LANGUAGE_STANDARD = gnu99;
				GCC_NO_COMMON_BLOCKS = YES;
				GCC_WARN_64_TO_32_BIT_CONVERSION = YES;
				GCC_WARN_ABOUT_RETURN_TYPE = YES_ERROR;
				GCC_WARN_UNDECLARED_SELECTOR = YES;
				GCC_WARN_UNINITIALIZED_AUTOS = YES_AGGRESSIVE;
				GCC_WARN_UNUSED_FUNCTION = YES;
				GCC_WARN_UNUSED_VARIABLE = YES;
				IPHONEOS_DEPLOYMENT_TARGET = 10.0;
				MTL_ENABLE_DEBUG_INFO = NO;
				SDKROOT = iphoneos;
				SWIFT_OPTIMIZATION_LEVEL = "-Owholemodule";
				TARGETED_DEVICE_FAMILY = "1,2";
				VALIDATE_PRODUCT = YES;
			};
			name = Release;
		};
		186159D01D953B3F001E64E3 /* Debug */ = {
			isa = XCBuildConfiguration;
			baseConfigurationReference = 89E0887C6A817D735B68A3F0 /* Pods-PDF Reader.debug.xcconfig */;
			buildSettings = {
				ASSETCATALOG_COMPILER_APPICON_NAME = AppIcon;
				ASSETCATALOG_COMPILER_LAUNCHIMAGE_NAME = LaunchImage;
				"CODE_SIGN_IDENTITY[sdk=iphoneos*]" = "iPhone Distribution";
				CODE_SIGN_STYLE = Manual;
				DEVELOPMENT_TEAM = QFRSMX53PG;
				FRAMEWORK_SEARCH_PATHS = (
					"$(inherited)",
					"$(PROJECT_DIR)/PDF\\ Reader",
					"$(PROJECT_DIR)/PDF\\ Reader",
					"$(PROJECT_DIR)/PDF\\ Reader",
				);
				INFOPLIST_FILE = "PDF Reader/Info.plist";
				IPHONEOS_DEPLOYMENT_TARGET = 9.0;
				LD_RUNPATH_SEARCH_PATHS = "$(inherited) @executable_path/Frameworks";
				PRODUCT_BUNDLE_IDENTIFIER = com.quiita.clustertv;
				PRODUCT_NAME = "$(TARGET_NAME)";
				PROVISIONING_PROFILE = "e486450b-2b5c-4193-9f55-febeccde91b1";
				PROVISIONING_PROFILE_SPECIFIER = "Cluster TV";
				SWIFT_VERSION = 3.0;
				TARGETED_DEVICE_FAMILY = 1;
			};
			name = Debug;
		};
		186159D11D953B3F001E64E3 /* Release */ = {
			isa = XCBuildConfiguration;
			baseConfigurationReference = A00B17E7225BED67FA17ABCD /* Pods-PDF Reader.release.xcconfig */;
			buildSettings = {
				ASSETCATALOG_COMPILER_APPICON_NAME = AppIcon;
				ASSETCATALOG_COMPILER_LAUNCHIMAGE_NAME = LaunchImage;
				"CODE_SIGN_IDENTITY[sdk=iphoneos*]" = "iPhone Distribution";
				CODE_SIGN_STYLE = Manual;
				DEVELOPMENT_TEAM = QFRSMX53PG;
				FRAMEWORK_SEARCH_PATHS = (
					"$(inherited)",
					"$(PROJECT_DIR)/PDF\\ Reader",
					"$(PROJECT_DIR)/PDF\\ Reader",
					"$(PROJECT_DIR)/PDF\\ Reader",
				);
				INFOPLIST_FILE = "PDF Reader/Info.plist";
				IPHONEOS_DEPLOYMENT_TARGET = 9.0;
				LD_RUNPATH_SEARCH_PATHS = "$(inherited) @executable_path/Frameworks";
				PRODUCT_BUNDLE_IDENTIFIER = com.quiita.clustertv;
				PRODUCT_NAME = "$(TARGET_NAME)";
				PROVISIONING_PROFILE = "e486450b-2b5c-4193-9f55-febeccde91b1";
				PROVISIONING_PROFILE_SPECIFIER = "Cluster TV";
				SWIFT_VERSION = 3.0;
				TARGETED_DEVICE_FAMILY = 1;
			};
			name = Release;
		};
/* End XCBuildConfiguration section */

/* Begin XCConfigurationList section */
		186159B81D953B3F001E64E3 /* Build configuration list for PBXProject "PDF Reader" */ = {
			isa = XCConfigurationList;
			buildConfigurations = (
				186159CD1D953B3F001E64E3 /* Debug */,
				186159CE1D953B3F001E64E3 /* Release */,
			);
			defaultConfigurationIsVisible = 0;
			defaultConfigurationName = Release;
		};
		186159CF1D953B3F001E64E3 /* Build configuration list for PBXNativeTarget "PDF Reader" */ = {
			isa = XCConfigurationList;
			buildConfigurations = (
				186159D01D953B3F001E64E3 /* Debug */,
				186159D11D953B3F001E64E3 /* Release */,
			);
			defaultConfigurationIsVisible = 0;
			defaultConfigurationName = Release;
		};
/* End XCConfigurationList section */
	};
	rootObject = 186159B51D953B3F001E64E3 /* Project object */;
}
